// !$*UTF8*$!
{
	archiveVersion = 1;
	classes = {
	};
	objectVersion = 52;
	objects = {

/* Begin PBXBuildFile section */
		AF0E1E382724362600A4C7F6 /* GRDB in Frameworks */ = {isa = PBXBuildFile; productRef = AF0E1E372724362600A4C7F6 /* GRDB */; };
		AF0E1E3A2724371700A4C7F6 /* GRDB in Frameworks */ = {isa = PBXBuildFile; productRef = AF0E1E392724371700A4C7F6 /* GRDB */; };
		AF1C90EE23605816007F655E /* ItemView.swift in Sources */ = {isa = PBXBuildFile; fileRef = AF1C90ED23605816007F655E /* ItemView.swift */; };
		AF31646025B5DAEE006A5BF0 /* List2UITests.swift in Sources */ = {isa = PBXBuildFile; fileRef = AF31645F25B5DAEE006A5BF0 /* List2UITests.swift */; };
		AF3B00E7252B6E96003261C1 /* Constants.swift in Sources */ = {isa = PBXBuildFile; fileRef = AF3B00E6252B6E96003261C1 /* Constants.swift */; };
		AF3C0DCA235F3C8F00E5A7E2 /* AppDelegate.swift in Sources */ = {isa = PBXBuildFile; fileRef = AF3C0DC9235F3C8F00E5A7E2 /* AppDelegate.swift */; };
		AF3C0DCE235F3C8F00E5A7E2 /* ContentView.swift in Sources */ = {isa = PBXBuildFile; fileRef = AF3C0DCD235F3C8F00E5A7E2 /* ContentView.swift */; };
		AF3C0DD0235F3C9100E5A7E2 /* Assets.xcassets in Resources */ = {isa = PBXBuildFile; fileRef = AF3C0DCF235F3C9100E5A7E2 /* Assets.xcassets */; };
		AF3C0DD3235F3C9100E5A7E2 /* Preview Assets.xcassets in Resources */ = {isa = PBXBuildFile; fileRef = AF3C0DD2235F3C9100E5A7E2 /* Preview Assets.xcassets */; };
		AF3C0DD6235F3C9100E5A7E2 /* LaunchScreen.storyboard in Resources */ = {isa = PBXBuildFile; fileRef = AF3C0DD4235F3C9100E5A7E2 /* LaunchScreen.storyboard */; };
		AF3C0DDF235F51AA00E5A7E2 /* ListItem.swift in Sources */ = {isa = PBXBuildFile; fileRef = AF3C0DDE235F51AA00E5A7E2 /* ListItem.swift */; };
		AF5A5F85251E29C20063CCBF /* ListItem.swift in Sources */ = {isa = PBXBuildFile; fileRef = AF3C0DDE235F51AA00E5A7E2 /* ListItem.swift */; };
		AF5A5F88251E29D00063CCBF /* Entity.swift in Sources */ = {isa = PBXBuildFile; fileRef = AFD536E4242DC01E006E8E9D /* Entity.swift */; };
		AF68B9C6251CDC6900B963C9 /* WidgetKit.framework in Frameworks */ = {isa = PBXBuildFile; fileRef = AF68B9C5251CDC6900B963C9 /* WidgetKit.framework */; };
		AF68B9C8251CDC6900B963C9 /* SwiftUI.framework in Frameworks */ = {isa = PBXBuildFile; fileRef = AF68B9C7251CDC6900B963C9 /* SwiftUI.framework */; };
		AF68B9CB251CDC6900B963C9 /* ListWidget.swift in Sources */ = {isa = PBXBuildFile; fileRef = AF68B9CA251CDC6900B963C9 /* ListWidget.swift */; };
		AF68B9CD251CDC7200B963C9 /* Assets.xcassets in Resources */ = {isa = PBXBuildFile; fileRef = AF68B9CC251CDC7200B963C9 /* Assets.xcassets */; };
		AF68B9D1251CDC7200B963C9 /* ListWidgetExtension.appex in Embed App Extensions */ = {isa = PBXBuildFile; fileRef = AF68B9C3251CDC6900B963C9 /* ListWidgetExtension.appex */; settings = {ATTRIBUTES = (RemoveHeadersOnCopy, ); }; };
		AFB7CDAD24F515F000B70742 /* FMDB in Frameworks */ = {isa = PBXBuildFile; productRef = AFB7CDAC24F515F000B70742 /* FMDB */; };
		AFD0D77A252C21AA007AD84A /* Constants.swift in Sources */ = {isa = PBXBuildFile; fileRef = AF3B00E6252B6E96003261C1 /* Constants.swift */; };
		AFD536E6242DC01E006E8E9D /* DAO.swift in Sources */ = {isa = PBXBuildFile; fileRef = AFD536E3242DC01E006E8E9D /* DAO.swift */; };
		AFD536E7242DC01E006E8E9D /* Entity.swift in Sources */ = {isa = PBXBuildFile; fileRef = AFD536E4242DC01E006E8E9D /* Entity.swift */; };
		AFD536E8242DC01E006E8E9D /* AppDatabase.swift in Sources */ = {isa = PBXBuildFile; fileRef = AFD536E5242DC01E006E8E9D /* AppDatabase.swift */; };
		AFD536EB242DC609006E8E9D /* ListDatabase.swift in Sources */ = {isa = PBXBuildFile; fileRef = AFD536EA242DC609006E8E9D /* ListDatabase.swift */; };
		AFDF33F8255AAB930073E30F /* ListApp.swift in Sources */ = {isa = PBXBuildFile; fileRef = AFDF33F7255AAB930073E30F /* ListApp.swift */; };
		AFE070B12520D61900C9025E /* FMDB in Frameworks */ = {isa = PBXBuildFile; productRef = AFE070B02520D61900C9025E /* FMDB */; };
		AFE070B42520D8D700C9025E /* ListDatabase.swift in Sources */ = {isa = PBXBuildFile; fileRef = AFD536EA242DC609006E8E9D /* ListDatabase.swift */; };
		AFE070B72520D8E100C9025E /* AppDatabase.swift in Sources */ = {isa = PBXBuildFile; fileRef = AFD536E5242DC01E006E8E9D /* AppDatabase.swift */; };
		AFE070BA2520D8ED00C9025E /* DAO.swift in Sources */ = {isa = PBXBuildFile; fileRef = AFD536E3242DC01E006E8E9D /* DAO.swift */; };
		AFE070D6252106AE00C9025E /* View.swift in Sources */ = {isa = PBXBuildFile; fileRef = AFE070D5252106AE00C9025E /* View.swift */; };
/* End PBXBuildFile section */

/* Begin PBXContainerItemProxy section */
		AF31646225B5DAEE006A5BF0 /* PBXContainerItemProxy */ = {
			isa = PBXContainerItemProxy;
			containerPortal = AF3C0DBE235F3C8F00E5A7E2 /* Project object */;
			proxyType = 1;
			remoteGlobalIDString = AF3C0DC5235F3C8F00E5A7E2;
			remoteInfo = List2;
		};
		AF68B9CF251CDC7200B963C9 /* PBXContainerItemProxy */ = {
			isa = PBXContainerItemProxy;
			containerPortal = AF3C0DBE235F3C8F00E5A7E2 /* Project object */;
			proxyType = 1;
			remoteGlobalIDString = AF68B9C2251CDC6900B963C9;
			remoteInfo = ListWidgetExtension;
		};
/* End PBXContainerItemProxy section */

/* Begin PBXCopyFilesBuildPhase section */
		AF68B9D2251CDC7200B963C9 /* Embed App Extensions */ = {
			isa = PBXCopyFilesBuildPhase;
			buildActionMask = 2147483647;
			dstPath = "";
			dstSubfolderSpec = 13;
			files = (
				AF68B9D1251CDC7200B963C9 /* ListWidgetExtension.appex in Embed App Extensions */,
			);
			name = "Embed App Extensions";
			runOnlyForDeploymentPostprocessing = 0;
		};
/* End PBXCopyFilesBuildPhase section */

/* Begin PBXFileReference section */
		AF1C90ED23605816007F655E /* ItemView.swift */ = {isa = PBXFileReference; lastKnownFileType = sourcecode.swift; path = ItemView.swift; sourceTree = "<group>"; };
		AF31645D25B5DAEE006A5BF0 /* List2UITests.xctest */ = {isa = PBXFileReference; explicitFileType = wrapper.cfbundle; includeInIndex = 0; path = List2UITests.xctest; sourceTree = BUILT_PRODUCTS_DIR; };
		AF31645F25B5DAEE006A5BF0 /* List2UITests.swift */ = {isa = PBXFileReference; lastKnownFileType = sourcecode.swift; path = List2UITests.swift; sourceTree = "<group>"; };
		AF31646125B5DAEE006A5BF0 /* Info.plist */ = {isa = PBXFileReference; lastKnownFileType = text.plist.xml; path = Info.plist; sourceTree = "<group>"; };
		AF3B00E6252B6E96003261C1 /* Constants.swift */ = {isa = PBXFileReference; lastKnownFileType = sourcecode.swift; path = Constants.swift; sourceTree = "<group>"; };
		AF3C0DC6235F3C8F00E5A7E2 /* List2.app */ = {isa = PBXFileReference; explicitFileType = wrapper.application; includeInIndex = 0; path = List2.app; sourceTree = BUILT_PRODUCTS_DIR; };
		AF3C0DC9235F3C8F00E5A7E2 /* AppDelegate.swift */ = {isa = PBXFileReference; lastKnownFileType = sourcecode.swift; path = AppDelegate.swift; sourceTree = "<group>"; };
		AF3C0DCD235F3C8F00E5A7E2 /* ContentView.swift */ = {isa = PBXFileReference; lastKnownFileType = sourcecode.swift; path = ContentView.swift; sourceTree = "<group>"; };
		AF3C0DCF235F3C9100E5A7E2 /* Assets.xcassets */ = {isa = PBXFileReference; lastKnownFileType = folder.assetcatalog; path = Assets.xcassets; sourceTree = "<group>"; };
		AF3C0DD2235F3C9100E5A7E2 /* Preview Assets.xcassets */ = {isa = PBXFileReference; lastKnownFileType = folder.assetcatalog; path = "Preview Assets.xcassets"; sourceTree = "<group>"; };
		AF3C0DD5235F3C9100E5A7E2 /* Base */ = {isa = PBXFileReference; lastKnownFileType = file.storyboard; name = Base; path = Base.lproj/LaunchScreen.storyboard; sourceTree = "<group>"; };
		AF3C0DD7235F3C9100E5A7E2 /* Info.plist */ = {isa = PBXFileReference; lastKnownFileType = text.plist.xml; path = Info.plist; sourceTree = "<group>"; };
		AF3C0DDE235F51AA00E5A7E2 /* ListItem.swift */ = {isa = PBXFileReference; lastKnownFileType = sourcecode.swift; path = ListItem.swift; sourceTree = "<group>"; };
		AF68B9C3251CDC6900B963C9 /* ListWidgetExtension.appex */ = {isa = PBXFileReference; explicitFileType = "wrapper.app-extension"; includeInIndex = 0; path = ListWidgetExtension.appex; sourceTree = BUILT_PRODUCTS_DIR; };
		AF68B9C5251CDC6900B963C9 /* WidgetKit.framework */ = {isa = PBXFileReference; lastKnownFileType = wrapper.framework; name = WidgetKit.framework; path = System/Library/Frameworks/WidgetKit.framework; sourceTree = SDKROOT; };
		AF68B9C7251CDC6900B963C9 /* SwiftUI.framework */ = {isa = PBXFileReference; lastKnownFileType = wrapper.framework; name = SwiftUI.framework; path = System/Library/Frameworks/SwiftUI.framework; sourceTree = SDKROOT; };
		AF68B9CA251CDC6900B963C9 /* ListWidget.swift */ = {isa = PBXFileReference; lastKnownFileType = sourcecode.swift; path = ListWidget.swift; sourceTree = "<group>"; };
		AF68B9CC251CDC7200B963C9 /* Assets.xcassets */ = {isa = PBXFileReference; lastKnownFileType = folder.assetcatalog; path = Assets.xcassets; sourceTree = "<group>"; };
		AF68B9CE251CDC7200B963C9 /* Info.plist */ = {isa = PBXFileReference; lastKnownFileType = text.plist.xml; path = Info.plist; sourceTree = "<group>"; };
		AFB4C6D4242D069D0017D82E /* Bridging-Header.h */ = {isa = PBXFileReference; lastKnownFileType = sourcecode.c.h; path = "Bridging-Header.h"; sourceTree = "<group>"; };
		AFD536E3242DC01E006E8E9D /* DAO.swift */ = {isa = PBXFileReference; fileEncoding = 4; lastKnownFileType = sourcecode.swift; path = DAO.swift; sourceTree = "<group>"; };
		AFD536E4242DC01E006E8E9D /* Entity.swift */ = {isa = PBXFileReference; fileEncoding = 4; lastKnownFileType = sourcecode.swift; path = Entity.swift; sourceTree = "<group>"; };
		AFD536E5242DC01E006E8E9D /* AppDatabase.swift */ = {isa = PBXFileReference; fileEncoding = 4; lastKnownFileType = sourcecode.swift; path = AppDatabase.swift; sourceTree = "<group>"; };
		AFD536EA242DC609006E8E9D /* ListDatabase.swift */ = {isa = PBXFileReference; fileEncoding = 4; lastKnownFileType = sourcecode.swift; path = ListDatabase.swift; sourceTree = "<group>"; };
		AFDF33F7255AAB930073E30F /* ListApp.swift */ = {isa = PBXFileReference; lastKnownFileType = sourcecode.swift; path = ListApp.swift; sourceTree = "<group>"; };
		AFE070BD2520DB1100C9025E /* List2.entitlements */ = {isa = PBXFileReference; lastKnownFileType = text.plist.entitlements; path = List2.entitlements; sourceTree = "<group>"; };
		AFE070C62520DCD700C9025E /* ListWidgetExtension.entitlements */ = {isa = PBXFileReference; lastKnownFileType = text.plist.entitlements; path = ListWidgetExtension.entitlements; sourceTree = "<group>"; };
		AFE070D5252106AE00C9025E /* View.swift */ = {isa = PBXFileReference; lastKnownFileType = sourcecode.swift; path = View.swift; sourceTree = "<group>"; };
/* End PBXFileReference section */

/* Begin PBXFrameworksBuildPhase section */
		AF31645A25B5DAEE006A5BF0 /* Frameworks */ = {
			isa = PBXFrameworksBuildPhase;
			buildActionMask = 2147483647;
			files = (
			);
			runOnlyForDeploymentPostprocessing = 0;
		};
		AF3C0DC3235F3C8F00E5A7E2 /* Frameworks */ = {
			isa = PBXFrameworksBuildPhase;
			buildActionMask = 2147483647;
			files = (
				AFB7CDAD24F515F000B70742 /* FMDB in Frameworks */,
				AF0E1E382724362600A4C7F6 /* GRDB in Frameworks */,
			);
			runOnlyForDeploymentPostprocessing = 0;
		};
		AF68B9C0251CDC6900B963C9 /* Frameworks */ = {
			isa = PBXFrameworksBuildPhase;
			buildActionMask = 2147483647;
			files = (
				AF68B9C8251CDC6900B963C9 /* SwiftUI.framework in Frameworks */,
				AF68B9C6251CDC6900B963C9 /* WidgetKit.framework in Frameworks */,
				AFE070B12520D61900C9025E /* FMDB in Frameworks */,
				AF0E1E3A2724371700A4C7F6 /* GRDB in Frameworks */,
			);
			runOnlyForDeploymentPostprocessing = 0;
		};
/* End PBXFrameworksBuildPhase section */

/* Begin PBXGroup section */
		AF31645E25B5DAEE006A5BF0 /* List2UITests */ = {
			isa = PBXGroup;
			children = (
				AF31645F25B5DAEE006A5BF0 /* List2UITests.swift */,
				AF31646125B5DAEE006A5BF0 /* Info.plist */,
			);
			path = List2UITests;
			sourceTree = "<group>";
		};
		AF3C0DBD235F3C8F00E5A7E2 = {
			isa = PBXGroup;
			children = (
				AF3C0DC8235F3C8F00E5A7E2 /* List2 */,
				AF68B9C9251CDC6900B963C9 /* ListWidget */,
				AF31645E25B5DAEE006A5BF0 /* List2UITests */,
				AF68B9C4251CDC6900B963C9 /* Frameworks */,
				AF3C0DC7235F3C8F00E5A7E2 /* Products */,
			);
			sourceTree = "<group>";
		};
		AF3C0DC7235F3C8F00E5A7E2 /* Products */ = {
			isa = PBXGroup;
			children = (
				AF3C0DC6235F3C8F00E5A7E2 /* List2.app */,
				AF68B9C3251CDC6900B963C9 /* ListWidgetExtension.appex */,
				AF31645D25B5DAEE006A5BF0 /* List2UITests.xctest */,
			);
			name = Products;
			sourceTree = "<group>";
		};
		AF3C0DC8235F3C8F00E5A7E2 /* List2 */ = {
			isa = PBXGroup;
			children = (
				AFD536E2242DBFB7006E8E9D /* DAODB */,
				AF3C0DDD235F516400E5A7E2 /* Model */,
				AFDF33F7255AAB930073E30F /* ListApp.swift */,
				AF3C0DC9235F3C8F00E5A7E2 /* AppDelegate.swift */,
				AF3C0DCD235F3C8F00E5A7E2 /* ContentView.swift */,
				AF1C90ED23605816007F655E /* ItemView.swift */,
				AFE070D5252106AE00C9025E /* View.swift */,
				AFD536EA242DC609006E8E9D /* ListDatabase.swift */,
				AF3B00E6252B6E96003261C1 /* Constants.swift */,
				AF3C0DCF235F3C9100E5A7E2 /* Assets.xcassets */,
				AF3C0DD4235F3C9100E5A7E2 /* LaunchScreen.storyboard */,
				AF3C0DD7235F3C9100E5A7E2 /* Info.plist */,
				AFE070BD2520DB1100C9025E /* List2.entitlements */,
				AFB4C6D4242D069D0017D82E /* Bridging-Header.h */,
				AF3C0DD1235F3C9100E5A7E2 /* Preview Content */,
			);
			path = List2;
			sourceTree = "<group>";
		};
		AF3C0DD1235F3C9100E5A7E2 /* Preview Content */ = {
			isa = PBXGroup;
			children = (
				AF3C0DD2235F3C9100E5A7E2 /* Preview Assets.xcassets */,
			);
			path = "Preview Content";
			sourceTree = "<group>";
		};
		AF3C0DDD235F516400E5A7E2 /* Model */ = {
			isa = PBXGroup;
			children = (
				AF3C0DDE235F51AA00E5A7E2 /* ListItem.swift */,
			);
			path = Model;
			sourceTree = "<group>";
		};
		AF68B9C4251CDC6900B963C9 /* Frameworks */ = {
			isa = PBXGroup;
			children = (
				AF68B9C5251CDC6900B963C9 /* WidgetKit.framework */,
				AF68B9C7251CDC6900B963C9 /* SwiftUI.framework */,
			);
			name = Frameworks;
			sourceTree = "<group>";
		};
		AF68B9C9251CDC6900B963C9 /* ListWidget */ = {
			isa = PBXGroup;
			children = (
				AF68B9CA251CDC6900B963C9 /* ListWidget.swift */,
				AF68B9CC251CDC7200B963C9 /* Assets.xcassets */,
				AF68B9CE251CDC7200B963C9 /* Info.plist */,
				AFE070C62520DCD700C9025E /* ListWidgetExtension.entitlements */,
			);
			path = ListWidget;
			sourceTree = "<group>";
		};
		AFD536E2242DBFB7006E8E9D /* DAODB */ = {
			isa = PBXGroup;
			children = (
				AFD536E5242DC01E006E8E9D /* AppDatabase.swift */,
				AFD536E3242DC01E006E8E9D /* DAO.swift */,
				AFD536E4242DC01E006E8E9D /* Entity.swift */,
			);
			path = DAODB;
			sourceTree = "<group>";
		};
/* End PBXGroup section */

/* Begin PBXNativeTarget section */
		AF31645C25B5DAEE006A5BF0 /* List2UITests */ = {
			isa = PBXNativeTarget;
			buildConfigurationList = AF31646625B5DAEE006A5BF0 /* Build configuration list for PBXNativeTarget "List2UITests" */;
			buildPhases = (
				AF31645925B5DAEE006A5BF0 /* Sources */,
				AF31645A25B5DAEE006A5BF0 /* Frameworks */,
				AF31645B25B5DAEE006A5BF0 /* Resources */,
			);
			buildRules = (
			);
			dependencies = (
				AF31646325B5DAEE006A5BF0 /* PBXTargetDependency */,
			);
			name = List2UITests;
			productName = List2UITests;
			productReference = AF31645D25B5DAEE006A5BF0 /* List2UITests.xctest */;
			productType = "com.apple.product-type.bundle.ui-testing";
		};
		AF3C0DC5235F3C8F00E5A7E2 /* List2 */ = {
			isa = PBXNativeTarget;
			buildConfigurationList = AF3C0DDA235F3C9100E5A7E2 /* Build configuration list for PBXNativeTarget "List2" */;
			buildPhases = (
				AF3C0DC2235F3C8F00E5A7E2 /* Sources */,
				AF3C0DC3235F3C8F00E5A7E2 /* Frameworks */,
				AF3C0DC4235F3C8F00E5A7E2 /* Resources */,
				AF68B9D2251CDC7200B963C9 /* Embed App Extensions */,
			);
			buildRules = (
			);
			dependencies = (
				AF68B9D0251CDC7200B963C9 /* PBXTargetDependency */,
			);
			name = List2;
			packageProductDependencies = (
				AFB7CDAC24F515F000B70742 /* FMDB */,
				AF0E1E372724362600A4C7F6 /* GRDB */,
			);
			productName = List2;
			productReference = AF3C0DC6235F3C8F00E5A7E2 /* List2.app */;
			productType = "com.apple.product-type.application";
		};
		AF68B9C2251CDC6900B963C9 /* ListWidgetExtension */ = {
			isa = PBXNativeTarget;
			buildConfigurationList = AF68B9D5251CDC7200B963C9 /* Build configuration list for PBXNativeTarget "ListWidgetExtension" */;
			buildPhases = (
				AF68B9BF251CDC6900B963C9 /* Sources */,
				AF68B9C0251CDC6900B963C9 /* Frameworks */,
				AF68B9C1251CDC6900B963C9 /* Resources */,
			);
			buildRules = (
			);
			dependencies = (
			);
			name = ListWidgetExtension;
			packageProductDependencies = (
				AFE070B02520D61900C9025E /* FMDB */,
				AF0E1E392724371700A4C7F6 /* GRDB */,
			);
			productName = ListWidgetExtension;
			productReference = AF68B9C3251CDC6900B963C9 /* ListWidgetExtension.appex */;
			productType = "com.apple.product-type.app-extension";
		};
/* End PBXNativeTarget section */

/* Begin PBXProject section */
		AF3C0DBE235F3C8F00E5A7E2 /* Project object */ = {
			isa = PBXProject;
			attributes = {
				LastSwiftUpdateCheck = 1230;
				LastUpgradeCheck = 1200;
				TargetAttributes = {
					AF31645C25B5DAEE006A5BF0 = {
						CreatedOnToolsVersion = 12.3;
						TestTargetID = AF3C0DC5235F3C8F00E5A7E2;
					};
					AF3C0DC5235F3C8F00E5A7E2 = {
						CreatedOnToolsVersion = 11.1;
					};
					AF68B9C2251CDC6900B963C9 = {
						CreatedOnToolsVersion = 12.0;
					};
				};
			};
			buildConfigurationList = AF3C0DC1235F3C8F00E5A7E2 /* Build configuration list for PBXProject "List2" */;
			compatibilityVersion = "Xcode 9.3";
			developmentRegion = en;
			hasScannedForEncodings = 0;
			knownRegions = (
				en,
				Base,
			);
			mainGroup = AF3C0DBD235F3C8F00E5A7E2;
			packageReferences = (
				AFB7CDAB24F515F000B70742 /* XCRemoteSwiftPackageReference "fmdb" */,
				AF0E1E362724362600A4C7F6 /* XCRemoteSwiftPackageReference "GRDB.swift" */,
			);
			productRefGroup = AF3C0DC7235F3C8F00E5A7E2 /* Products */;
			projectDirPath = "";
			projectRoot = "";
			targets = (
				AF3C0DC5235F3C8F00E5A7E2 /* List2 */,
				AF68B9C2251CDC6900B963C9 /* ListWidgetExtension */,
				AF31645C25B5DAEE006A5BF0 /* List2UITests */,
			);
		};
/* End PBXProject section */

/* Begin PBXResourcesBuildPhase section */
		AF31645B25B5DAEE006A5BF0 /* Resources */ = {
			isa = PBXResourcesBuildPhase;
			buildActionMask = 2147483647;
			files = (
			);
			runOnlyForDeploymentPostprocessing = 0;
		};
		AF3C0DC4235F3C8F00E5A7E2 /* Resources */ = {
			isa = PBXResourcesBuildPhase;
			buildActionMask = 2147483647;
			files = (
				AF3C0DD6235F3C9100E5A7E2 /* LaunchScreen.storyboard in Resources */,
				AF3C0DD3235F3C9100E5A7E2 /* Preview Assets.xcassets in Resources */,
				AF3C0DD0235F3C9100E5A7E2 /* Assets.xcassets in Resources */,
			);
			runOnlyForDeploymentPostprocessing = 0;
		};
		AF68B9C1251CDC6900B963C9 /* Resources */ = {
			isa = PBXResourcesBuildPhase;
			buildActionMask = 2147483647;
			files = (
				AF68B9CD251CDC7200B963C9 /* Assets.xcassets in Resources */,
			);
			runOnlyForDeploymentPostprocessing = 0;
		};
/* End PBXResourcesBuildPhase section */

/* Begin PBXSourcesBuildPhase section */
		AF31645925B5DAEE006A5BF0 /* Sources */ = {
			isa = PBXSourcesBuildPhase;
			buildActionMask = 2147483647;
			files = (
				AF31646025B5DAEE006A5BF0 /* List2UITests.swift in Sources */,
			);
			runOnlyForDeploymentPostprocessing = 0;
		};
		AF3C0DC2235F3C8F00E5A7E2 /* Sources */ = {
			isa = PBXSourcesBuildPhase;
			buildActionMask = 2147483647;
			files = (
				AFD536E6242DC01E006E8E9D /* DAO.swift in Sources */,
				AF3B00E7252B6E96003261C1 /* Constants.swift in Sources */,
				AF3C0DDF235F51AA00E5A7E2 /* ListItem.swift in Sources */,
				AFE070D6252106AE00C9025E /* View.swift in Sources */,
				AFD536E8242DC01E006E8E9D /* AppDatabase.swift in Sources */,
				AFDF33F8255AAB930073E30F /* ListApp.swift in Sources */,
				AFD536EB242DC609006E8E9D /* ListDatabase.swift in Sources */,
				AFD536E7242DC01E006E8E9D /* Entity.swift in Sources */,
				AF3C0DCA235F3C8F00E5A7E2 /* AppDelegate.swift in Sources */,
				AF1C90EE23605816007F655E /* ItemView.swift in Sources */,
				AF3C0DCE235F3C8F00E5A7E2 /* ContentView.swift in Sources */,
			);
			runOnlyForDeploymentPostprocessing = 0;
		};
		AF68B9BF251CDC6900B963C9 /* Sources */ = {
			isa = PBXSourcesBuildPhase;
			buildActionMask = 2147483647;
			files = (
				AFE070BA2520D8ED00C9025E /* DAO.swift in Sources */,
				AF5A5F85251E29C20063CCBF /* ListItem.swift in Sources */,
				AF68B9CB251CDC6900B963C9 /* ListWidget.swift in Sources */,
				AFE070B42520D8D700C9025E /* ListDatabase.swift in Sources */,
				AFD0D77A252C21AA007AD84A /* Constants.swift in Sources */,
				AF5A5F88251E29D00063CCBF /* Entity.swift in Sources */,
				AFE070B72520D8E100C9025E /* AppDatabase.swift in Sources */,
			);
			runOnlyForDeploymentPostprocessing = 0;
		};
/* End PBXSourcesBuildPhase section */

/* Begin PBXTargetDependency section */
		AF31646325B5DAEE006A5BF0 /* PBXTargetDependency */ = {
			isa = PBXTargetDependency;
			target = AF3C0DC5235F3C8F00E5A7E2 /* List2 */;
			targetProxy = AF31646225B5DAEE006A5BF0 /* PBXContainerItemProxy */;
		};
		AF68B9D0251CDC7200B963C9 /* PBXTargetDependency */ = {
			isa = PBXTargetDependency;
			target = AF68B9C2251CDC6900B963C9 /* ListWidgetExtension */;
			targetProxy = AF68B9CF251CDC7200B963C9 /* PBXContainerItemProxy */;
		};
/* End PBXTargetDependency section */

/* Begin PBXVariantGroup section */
		AF3C0DD4235F3C9100E5A7E2 /* LaunchScreen.storyboard */ = {
			isa = PBXVariantGroup;
			children = (
				AF3C0DD5235F3C9100E5A7E2 /* Base */,
			);
			name = LaunchScreen.storyboard;
			sourceTree = "<group>";
		};
/* End PBXVariantGroup section */

/* Begin XCBuildConfiguration section */
		AF31646425B5DAEE006A5BF0 /* Debug */ = {
			isa = XCBuildConfiguration;
			buildSettings = {
				CODE_SIGN_STYLE = Automatic;
				INFOPLIST_FILE = List2UITests/Info.plist;
				IPHONEOS_DEPLOYMENT_TARGET = 14.3;
				LD_RUNPATH_SEARCH_PATHS = (
					"$(inherited)",
					"@executable_path/Frameworks",
					"@loader_path/Frameworks",
				);
				PRODUCT_BUNDLE_IDENTIFIER = com.example.ltp.List2UITests;
				PRODUCT_NAME = "$(TARGET_NAME)";
				SWIFT_VERSION = 5.0;
				TARGETED_DEVICE_FAMILY = "1,2";
				TEST_TARGET_NAME = List2;
			};
			name = Debug;
		};
		AF31646525B5DAEE006A5BF0 /* Release */ = {
			isa = XCBuildConfiguration;
			buildSettings = {
				CODE_SIGN_STYLE = Automatic;
				INFOPLIST_FILE = List2UITests/Info.plist;
				IPHONEOS_DEPLOYMENT_TARGET = 14.3;
				LD_RUNPATH_SEARCH_PATHS = (
					"$(inherited)",
					"@executable_path/Frameworks",
					"@loader_path/Frameworks",
				);
				PRODUCT_BUNDLE_IDENTIFIER = com.example.ltp.List2UITests;
				PRODUCT_NAME = "$(TARGET_NAME)";
				SWIFT_VERSION = 5.0;
				TARGETED_DEVICE_FAMILY = "1,2";
				TEST_TARGET_NAME = List2;
			};
			name = Release;
		};
		AF3C0DD8235F3C9100E5A7E2 /* Debug */ = {
			isa = XCBuildConfiguration;
			buildSettings = {
				ALWAYS_SEARCH_USER_PATHS = NO;
				CLANG_ANALYZER_NONNULL = YES;
				CLANG_ANALYZER_NUMBER_OBJECT_CONVERSION = YES_AGGRESSIVE;
				CLANG_CXX_LANGUAGE_STANDARD = "gnu++14";
				CLANG_CXX_LIBRARY = "libc++";
				CLANG_ENABLE_MODULES = YES;
				CLANG_ENABLE_OBJC_ARC = YES;
				CLANG_ENABLE_OBJC_WEAK = YES;
				CLANG_WARN_BLOCK_CAPTURE_AUTORELEASING = YES;
				CLANG_WARN_BOOL_CONVERSION = YES;
				CLANG_WARN_COMMA = YES;
				CLANG_WARN_CONSTANT_CONVERSION = YES;
				CLANG_WARN_DEPRECATED_OBJC_IMPLEMENTATIONS = YES;
				CLANG_WARN_DIRECT_OBJC_ISA_USAGE = YES_ERROR;
				CLANG_WARN_DOCUMENTATION_COMMENTS = YES;
				CLANG_WARN_EMPTY_BODY = YES;
				CLANG_WARN_ENUM_CONVERSION = YES;
				CLANG_WARN_INFINITE_RECURSION = YES;
				CLANG_WARN_INT_CONVERSION = YES;
				CLANG_WARN_NON_LITERAL_NULL_CONVERSION = YES;
				CLANG_WARN_OBJC_IMPLICIT_RETAIN_SELF = YES;
				CLANG_WARN_OBJC_LITERAL_CONVERSION = YES;
				CLANG_WARN_OBJC_ROOT_CLASS = YES_ERROR;
				CLANG_WARN_QUOTED_INCLUDE_IN_FRAMEWORK_HEADER = YES;
				CLANG_WARN_RANGE_LOOP_ANALYSIS = YES;
				CLANG_WARN_STRICT_PROTOTYPES = YES;
				CLANG_WARN_SUSPICIOUS_MOVE = YES;
				CLANG_WARN_UNGUARDED_AVAILABILITY = YES_AGGRESSIVE;
				CLANG_WARN_UNREACHABLE_CODE = YES;
				CLANG_WARN__DUPLICATE_METHOD_MATCH = YES;
				COPY_PHASE_STRIP = NO;
				DEBUG_INFORMATION_FORMAT = dwarf;
				ENABLE_STRICT_OBJC_MSGSEND = YES;
				ENABLE_TESTABILITY = YES;
				GCC_C_LANGUAGE_STANDARD = gnu11;
				GCC_DYNAMIC_NO_PIC = NO;
				GCC_NO_COMMON_BLOCKS = YES;
				GCC_OPTIMIZATION_LEVEL = 0;
				GCC_PREPROCESSOR_DEFINITIONS = (
					"DEBUG=1",
					"$(inherited)",
				);
				GCC_WARN_64_TO_32_BIT_CONVERSION = YES;
				GCC_WARN_ABOUT_RETURN_TYPE = YES_ERROR;
				GCC_WARN_UNDECLARED_SELECTOR = YES;
				GCC_WARN_UNINITIALIZED_AUTOS = YES_AGGRESSIVE;
				GCC_WARN_UNUSED_FUNCTION = YES;
				GCC_WARN_UNUSED_VARIABLE = YES;
				IPHONEOS_DEPLOYMENT_TARGET = 14.0;
				MTL_ENABLE_DEBUG_INFO = INCLUDE_SOURCE;
				MTL_FAST_MATH = YES;
				ONLY_ACTIVE_ARCH = YES;
				SDKROOT = iphoneos;
				SWIFT_ACTIVE_COMPILATION_CONDITIONS = DEBUG;
				SWIFT_OPTIMIZATION_LEVEL = "-Onone";
			};
			name = Debug;
		};
		AF3C0DD9235F3C9100E5A7E2 /* Release */ = {
			isa = XCBuildConfiguration;
			buildSettings = {
				ALWAYS_SEARCH_USER_PATHS = NO;
				CLANG_ANALYZER_NONNULL = YES;
				CLANG_ANALYZER_NUMBER_OBJECT_CONVERSION = YES_AGGRESSIVE;
				CLANG_CXX_LANGUAGE_STANDARD = "gnu++14";
				CLANG_CXX_LIBRARY = "libc++";
				CLANG_ENABLE_MODULES = YES;
				CLANG_ENABLE_OBJC_ARC = YES;
				CLANG_ENABLE_OBJC_WEAK = YES;
				CLANG_WARN_BLOCK_CAPTURE_AUTORELEASING = YES;
				CLANG_WARN_BOOL_CONVERSION = YES;
				CLANG_WARN_COMMA = YES;
				CLANG_WARN_CONSTANT_CONVERSION = YES;
				CLANG_WARN_DEPRECATED_OBJC_IMPLEMENTATIONS = YES;
				CLANG_WARN_DIRECT_OBJC_ISA_USAGE = YES_ERROR;
				CLANG_WARN_DOCUMENTATION_COMMENTS = YES;
				CLANG_WARN_EMPTY_BODY = YES;
				CLANG_WARN_ENUM_CONVERSION = YES;
				CLANG_WARN_INFINITE_RECURSION = YES;
				CLANG_WARN_INT_CONVERSION = YES;
				CLANG_WARN_NON_LITERAL_NULL_CONVERSION = YES;
				CLANG_WARN_OBJC_IMPLICIT_RETAIN_SELF = YES;
				CLANG_WARN_OBJC_LITERAL_CONVERSION = YES;
				CLANG_WARN_OBJC_ROOT_CLASS = YES_ERROR;
				CLANG_WARN_QUOTED_INCLUDE_IN_FRAMEWORK_HEADER = YES;
				CLANG_WARN_RANGE_LOOP_ANALYSIS = YES;
				CLANG_WARN_STRICT_PROTOTYPES = YES;
				CLANG_WARN_SUSPICIOUS_MOVE = YES;
				CLANG_WARN_UNGUARDED_AVAILABILITY = YES_AGGRESSIVE;
				CLANG_WARN_UNREACHABLE_CODE = YES;
				CLANG_WARN__DUPLICATE_METHOD_MATCH = YES;
				COPY_PHASE_STRIP = NO;
				DEBUG_INFORMATION_FORMAT = "dwarf-with-dsym";
				ENABLE_NS_ASSERTIONS = NO;
				ENABLE_STRICT_OBJC_MSGSEND = YES;
				GCC_C_LANGUAGE_STANDARD = gnu11;
				GCC_NO_COMMON_BLOCKS = YES;
				GCC_WARN_64_TO_32_BIT_CONVERSION = YES;
				GCC_WARN_ABOUT_RETURN_TYPE = YES_ERROR;
				GCC_WARN_UNDECLARED_SELECTOR = YES;
				GCC_WARN_UNINITIALIZED_AUTOS = YES_AGGRESSIVE;
				GCC_WARN_UNUSED_FUNCTION = YES;
				GCC_WARN_UNUSED_VARIABLE = YES;
				IPHONEOS_DEPLOYMENT_TARGET = 14.0;
				MTL_ENABLE_DEBUG_INFO = NO;
				MTL_FAST_MATH = YES;
				SDKROOT = iphoneos;
				SWIFT_COMPILATION_MODE = wholemodule;
				SWIFT_OPTIMIZATION_LEVEL = "-O";
				VALIDATE_PRODUCT = YES;
			};
			name = Release;
		};
		AF3C0DDB235F3C9100E5A7E2 /* Debug */ = {
			isa = XCBuildConfiguration;
			buildSettings = {
				ALWAYS_EMBED_SWIFT_STANDARD_LIBRARIES = YES;
				ASSETCATALOG_COMPILER_APPICON_NAME = AppIcon;
				CODE_SIGN_ENTITLEMENTS = List2/List2.entitlements;
				CODE_SIGN_STYLE = Automatic;
				DEVELOPMENT_ASSET_PATHS = "\"List2/Preview Content\"";
				DEVELOPMENT_TEAM = "";
				ENABLE_PREVIEWS = YES;
				INFOPLIST_FILE = List2/Info.plist;
				LD_RUNPATH_SEARCH_PATHS = (
					"$(inherited)",
					"@executable_path/Frameworks",
				);
				PRODUCT_BUNDLE_IDENTIFIER = com.example.ltp.List2;
				PRODUCT_NAME = "$(TARGET_NAME)";
				SWIFT_OBJC_BRIDGING_HEADER = "List2/Bridging-Header.h";
				SWIFT_VERSION = 5.0;
				TARGETED_DEVICE_FAMILY = "1,2";
			};
			name = Debug;
		};
		AF3C0DDC235F3C9100E5A7E2 /* Release */ = {
			isa = XCBuildConfiguration;
			buildSettings = {
				ALWAYS_EMBED_SWIFT_STANDARD_LIBRARIES = YES;
				ASSETCATALOG_COMPILER_APPICON_NAME = AppIcon;
				CODE_SIGN_ENTITLEMENTS = List2/List2.entitlements;
				CODE_SIGN_STYLE = Automatic;
				DEVELOPMENT_ASSET_PATHS = "\"List2/Preview Content\"";
				ENABLE_PREVIEWS = YES;
				INFOPLIST_FILE = List2/Info.plist;
				LD_RUNPATH_SEARCH_PATHS = (
					"$(inherited)",
					"@executable_path/Frameworks",
				);
				PRODUCT_BUNDLE_IDENTIFIER = com.example.ltp.List2;
				PRODUCT_NAME = "$(TARGET_NAME)";
				SWIFT_OBJC_BRIDGING_HEADER = "List2/Bridging-Header.h";
				SWIFT_VERSION = 5.0;
				TARGETED_DEVICE_FAMILY = "1,2";
			};
			name = Release;
		};
		AF68B9D3251CDC7200B963C9 /* Debug */ = {
			isa = XCBuildConfiguration;
			buildSettings = {
				ASSETCATALOG_COMPILER_GLOBAL_ACCENT_COLOR_NAME = AccentColor;
				ASSETCATALOG_COMPILER_WIDGET_BACKGROUND_COLOR_NAME = WidgetBackground;
				CODE_SIGN_ENTITLEMENTS = ListWidget/ListWidgetExtension.entitlements;
				CODE_SIGN_STYLE = Automatic;
				DEVELOPMENT_TEAM = "";
				INFOPLIST_FILE = ListWidget/Info.plist;
				IPHONEOS_DEPLOYMENT_TARGET = 14.0;
				LD_RUNPATH_SEARCH_PATHS = (
					"$(inherited)",
					"@executable_path/Frameworks",
					"@executable_path/../../Frameworks",
				);
				PRODUCT_BUNDLE_IDENTIFIER = com.example.ltp.List2.ListWidget;
				PRODUCT_NAME = "$(TARGET_NAME)";
				SKIP_INSTALL = YES;
				SWIFT_OBJC_BRIDGING_HEADER = "List2/Bridging-Header.h";
				SWIFT_VERSION = 5.0;
				TARGETED_DEVICE_FAMILY = "1,2";
			};
			name = Debug;
		};
		AF68B9D4251CDC7200B963C9 /* Release */ = {
			isa = XCBuildConfiguration;
			buildSettings = {
				ASSETCATALOG_COMPILER_GLOBAL_ACCENT_COLOR_NAME = AccentColor;
				ASSETCATALOG_COMPILER_WIDGET_BACKGROUND_COLOR_NAME = WidgetBackground;
				CODE_SIGN_ENTITLEMENTS = ListWidget/ListWidgetExtension.entitlements;
				CODE_SIGN_STYLE = Automatic;
				INFOPLIST_FILE = ListWidget/Info.plist;
				IPHONEOS_DEPLOYMENT_TARGET = 14.0;
				LD_RUNPATH_SEARCH_PATHS = (
					"$(inherited)",
					"@executable_path/Frameworks",
					"@executable_path/../../Frameworks",
				);
				PRODUCT_BUNDLE_IDENTIFIER = com.example.ltp.List2.ListWidget;
				PRODUCT_NAME = "$(TARGET_NAME)";
				SKIP_INSTALL = YES;
				SWIFT_OBJC_BRIDGING_HEADER = "List2/Bridging-Header.h";
				SWIFT_VERSION = 5.0;
				TARGETED_DEVICE_FAMILY = "1,2";
			};
			name = Release;
		};
/* End XCBuildConfiguration section */

/* Begin XCConfigurationList section */
		AF31646625B5DAEE006A5BF0 /* Build configuration list for PBXNativeTarget "List2UITests" */ = {
			isa = XCConfigurationList;
			buildConfigurations = (
				AF31646425B5DAEE006A5BF0 /* Debug */,
				AF31646525B5DAEE006A5BF0 /* Release */,
			);
			defaultConfigurationIsVisible = 0;
			defaultConfigurationName = Release;
		};
		AF3C0DC1235F3C8F00E5A7E2 /* Build configuration list for PBXProject "List2" */ = {
			isa = XCConfigurationList;
			buildConfigurations = (
				AF3C0DD8235F3C9100E5A7E2 /* Debug */,
				AF3C0DD9235F3C9100E5A7E2 /* Release */,
			);
			defaultConfigurationIsVisible = 0;
			defaultConfigurationName = Release;
		};
		AF3C0DDA235F3C9100E5A7E2 /* Build configuration list for PBXNativeTarget "List2" */ = {
			isa = XCConfigurationList;
			buildConfigurations = (
				AF3C0DDB235F3C9100E5A7E2 /* Debug */,
				AF3C0DDC235F3C9100E5A7E2 /* Release */,
			);
			defaultConfigurationIsVisible = 0;
			defaultConfigurationName = Release;
		};
		AF68B9D5251CDC7200B963C9 /* Build configuration list for PBXNativeTarget "ListWidgetExtension" */ = {
			isa = XCConfigurationList;
			buildConfigurations = (
				AF68B9D3251CDC7200B963C9 /* Debug */,
				AF68B9D4251CDC7200B963C9 /* Release */,
			);
			defaultConfigurationIsVisible = 0;
			defaultConfigurationName = Release;
		};
/* End XCConfigurationList section */

/* Begin XCRemoteSwiftPackageReference section */
		AF0E1E362724362600A4C7F6 /* XCRemoteSwiftPackageReference "GRDB.swift" */ = {
			isa = XCRemoteSwiftPackageReference;
			repositoryURL = "https://github.com/groue/GRDB.swift.git";
			requirement = {
				kind = upToNextMajorVersion;
				minimumVersion = 5.12.0;
			};
		};
		AFB7CDAB24F515F000B70742 /* XCRemoteSwiftPackageReference "fmdb" */ = {
			isa = XCRemoteSwiftPackageReference;
			repositoryURL = "https://github.com/ccgus/fmdb.git";
			requirement = {
				kind = upToNextMajorVersion;
				minimumVersion = 2.7.7;
			};
		};
/* End XCRemoteSwiftPackageReference section */

/* Begin XCSwiftPackageProductDependency section */
		AF0E1E372724362600A4C7F6 /* GRDB */ = {
			isa = XCSwiftPackageProductDependency;
			package = AF0E1E362724362600A4C7F6 /* XCRemoteSwiftPackageReference "GRDB.swift" */;
			productName = GRDB;
		};
		AF0E1E392724371700A4C7F6 /* GRDB */ = {
			isa = XCSwiftPackageProductDependency;
			package = AF0E1E362724362600A4C7F6 /* XCRemoteSwiftPackageReference "GRDB.swift" */;
			productName = GRDB;
		};
		AFB7CDAC24F515F000B70742 /* FMDB */ = {
			isa = XCSwiftPackageProductDependency;
			package = AFB7CDAB24F515F000B70742 /* XCRemoteSwiftPackageReference "fmdb" */;
			productName = FMDB;
		};
		AFE070B02520D61900C9025E /* FMDB */ = {
			isa = XCSwiftPackageProductDependency;
			package = AFB7CDAB24F515F000B70742 /* XCRemoteSwiftPackageReference "fmdb" */;
			productName = FMDB;
		};
/* End XCSwiftPackageProductDependency section */
	};
	rootObject = AF3C0DBE235F3C8F00E5A7E2 /* Project object */;
}
