{
  "pins" : [
    {
      "identity" : "grdb.swift",
      "kind" : "remoteSourceControl",
      "location" : "https://github.com/groue/GRDB.swift.git",
      "state" : {
        "revision" : "62450b581746fa9da7637db8078f521a73373376",
        "version" : "5.22.0"
      }
    }
  ],
  "version" : 2
}
