{
  "object": {
    "pins": [
      {
        "package": "GRDB",
        "repositoryURL": "https://github.com/groue/GRDB.swift.git",
        "state": {
          "branch": null,
          "revision": "0330365d4972c193219d8f4da4464ac0cd2b74bb",
          "version": "5.16.0"
        }
      }
    ]
  },
  "version": 1
}
