{
  "object": {
    "pins": [
      {
        "package": "GRDB",
        "repositoryURL": "https://github.com/groue/GRDB.swift.git",
        "state": {
          "branch": null,
          "revision": "dfca044433050bb3e297761bf827e01ef376f5d9",
          "version": "5.18.0"
        }
      }
    ]
  },
  "version": 1
}
